// !$*UTF8*$!
{
	archiveVersion = 1;
	classes = {
	};
	objectVersion = 46;
	objects = {

/* Begin PBXBuildFile section */
		D4D84E94150DD1B800396A23 /* UIKit.framework in Frameworks */ = {isa = PBXBuildFile; fileRef = D4D84E93150DD1B800396A23 /* UIKit.framework */; };
		D4D84E96150DD1B800396A23 /* Foundation.framework in Frameworks */ = {isa = PBXBuildFile; fileRef = D4D84E95150DD1B800396A23 /* Foundation.framework */; };
		D4D84E98150DD1B800396A23 /* CoreGraphics.framework in Frameworks */ = {isa = PBXBuildFile; fileRef = D4D84E97150DD1B800396A23 /* CoreGraphics.framework */; };
		D4D84E9E150DD1B800396A23 /* InfoPlist.strings in Resources */ = {isa = PBXBuildFile; fileRef = D4D84E9C150DD1B800396A23 /* InfoPlist.strings */; };
		D4D84EA0150DD1B800396A23 /* main.m in Sources */ = {isa = PBXBuildFile; fileRef = D4D84E9F150DD1B800396A23 /* main.m */; };
		D4D84EA4150DD1B800396A23 /* sct_monitorAppDelegate.m in Sources */ = {isa = PBXBuildFile; fileRef = D4D84EA3150DD1B800396A23 /* sct_monitorAppDelegate.m */; };
		D4D84EA7150DD1B800396A23 /* MainStoryboard.storyboard in Resources */ = {isa = PBXBuildFile; fileRef = D4D84EA5150DD1B800396A23 /* MainStoryboard.storyboard */; };
		D4D84EAA150DD1B800396A23 /* sct_monitorViewController.m in Sources */ = {isa = PBXBuildFile; fileRef = D4D84EA9150DD1B800396A23 /* sct_monitorViewController.m */; };
		D4D84EB2150DD1B800396A23 /* SenTestingKit.framework in Frameworks */ = {isa = PBXBuildFile; fileRef = D4D84EB1150DD1B800396A23 /* SenTestingKit.framework */; };
		D4D84EB3150DD1B800396A23 /* UIKit.framework in Frameworks */ = {isa = PBXBuildFile; fileRef = D4D84E93150DD1B800396A23 /* UIKit.framework */; };
		D4D84EB4150DD1B800396A23 /* Foundation.framework in Frameworks */ = {isa = PBXBuildFile; fileRef = D4D84E95150DD1B800396A23 /* Foundation.framework */; };
		D4D84EB5150DD1B800396A23 /* CoreGraphics.framework in Frameworks */ = {isa = PBXBuildFile; fileRef = D4D84E97150DD1B800396A23 /* CoreGraphics.framework */; };
		D4D84EBD150DD1B800396A23 /* InfoPlist.strings in Resources */ = {isa = PBXBuildFile; fileRef = D4D84EBB150DD1B800396A23 /* InfoPlist.strings */; };
		D4D84EBF150DD1B800396A23 /* sct_monitorTests.h in Resources */ = {isa = PBXBuildFile; fileRef = D4D84EBE150DD1B800396A23 /* sct_monitorTests.h */; };
		D4D84EC1150DD1B800396A23 /* sct_monitorTests.m in Sources */ = {isa = PBXBuildFile; fileRef = D4D84EC0150DD1B800396A23 /* sct_monitorTests.m */; };
/* End PBXBuildFile section */

/* Begin PBXContainerItemProxy section */
		D4D84EB6150DD1B800396A23 /* PBXContainerItemProxy */ = {
			isa = PBXContainerItemProxy;
			containerPortal = D4D84E86150DD1B800396A23 /* Project object */;
			proxyType = 1;
			remoteGlobalIDString = D4D84E8E150DD1B800396A23;
			remoteInfo = sct_monitor;
		};
/* End PBXContainerItemProxy section */

/* Begin PBXFileReference section */
		D4D84E8F150DD1B800396A23 /* sct_monitor.app */ = {isa = PBXFileReference; explicitFileType = wrapper.application; includeInIndex = 0; path = sct_monitor.app; sourceTree = BUILT_PRODUCTS_DIR; };
		D4D84E93150DD1B800396A23 /* UIKit.framework */ = {isa = PBXFileReference; lastKnownFileType = wrapper.framework; name = UIKit.framework; path = System/Library/Frameworks/UIKit.framework; sourceTree = SDKROOT; };
		D4D84E95150DD1B800396A23 /* Foundation.framework */ = {isa = PBXFileReference; lastKnownFileType = wrapper.framework; name = Foundation.framework; path = System/Library/Frameworks/Foundation.framework; sourceTree = SDKROOT; };
		D4D84E97150DD1B800396A23 /* CoreGraphics.framework */ = {isa = PBXFileReference; lastKnownFileType = wrapper.framework; name = CoreGraphics.framework; path = System/Library/Frameworks/CoreGraphics.framework; sourceTree = SDKROOT; };
		D4D84E9B150DD1B800396A23 /* sct_monitor-Info.plist */ = {isa = PBXFileReference; lastKnownFileType = text.plist.xml; path = "sct_monitor-Info.plist"; sourceTree = "<group>"; };
		D4D84E9D150DD1B800396A23 /* en */ = {isa = PBXFileReference; lastKnownFileType = text.plist.strings; name = en; path = en.lproj/InfoPlist.strings; sourceTree = "<group>"; };
		D4D84E9F150DD1B800396A23 /* main.m */ = {isa = PBXFileReference; lastKnownFileType = sourcecode.c.objc; path = main.m; sourceTree = "<group>"; };
		D4D84EA1150DD1B800396A23 /* sct_monitor-Prefix.pch */ = {isa = PBXFileReference; lastKnownFileType = sourcecode.c.h; path = "sct_monitor-Prefix.pch"; sourceTree = "<group>"; };
		D4D84EA2150DD1B800396A23 /* sct_monitorAppDelegate.h */ = {isa = PBXFileReference; lastKnownFileType = sourcecode.c.h; path = sct_monitorAppDelegate.h; sourceTree = "<group>"; };
		D4D84EA3150DD1B800396A23 /* sct_monitorAppDelegate.m */ = {isa = PBXFileReference; lastKnownFileType = sourcecode.c.objc; path = sct_monitorAppDelegate.m; sourceTree = "<group>"; };
		D4D84EA6150DD1B800396A23 /* en */ = {isa = PBXFileReference; lastKnownFileType = file.storyboard; name = en; path = en.lproj/MainStoryboard.storyboard; sourceTree = "<group>"; };
		D4D84EA8150DD1B800396A23 /* sct_monitorViewController.h */ = {isa = PBXFileReference; lastKnownFileType = sourcecode.c.h; path = sct_monitorViewController.h; sourceTree = "<group>"; };
		D4D84EA9150DD1B800396A23 /* sct_monitorViewController.m */ = {isa = PBXFileReference; lastKnownFileType = sourcecode.c.objc; path = sct_monitorViewController.m; sourceTree = "<group>"; };
		D4D84EB0150DD1B800396A23 /* sct_monitorTests.octest */ = {isa = PBXFileReference; explicitFileType = wrapper.cfbundle; includeInIndex = 0; path = sct_monitorTests.octest; sourceTree = BUILT_PRODUCTS_DIR; };
		D4D84EB1150DD1B800396A23 /* SenTestingKit.framework */ = {isa = PBXFileReference; lastKnownFileType = wrapper.framework; name = SenTestingKit.framework; path = Library/Frameworks/SenTestingKit.framework; sourceTree = DEVELOPER_DIR; };
		D4D84EBA150DD1B800396A23 /* sct_monitorTests-Info.plist */ = {isa = PBXFileReference; lastKnownFileType = text.plist.xml; path = "sct_monitorTests-Info.plist"; sourceTree = "<group>"; };
		D4D84EBC150DD1B800396A23 /* en */ = {isa = PBXFileReference; lastKnownFileType = text.plist.strings; name = en; path = en.lproj/InfoPlist.strings; sourceTree = "<group>"; };
		D4D84EBE150DD1B800396A23 /* sct_monitorTests.h */ = {isa = PBXFileReference; lastKnownFileType = sourcecode.c.h; path = sct_monitorTests.h; sourceTree = "<group>"; };
		D4D84EC0150DD1B800396A23 /* sct_monitorTests.m */ = {isa = PBXFileReference; lastKnownFileType = sourcecode.c.objc; path = sct_monitorTests.m; sourceTree = "<group>"; };
/* End PBXFileReference section */

/* Begin PBXFrameworksBuildPhase section */
		D4D84E8C150DD1B800396A23 /* Frameworks */ = {
			isa = PBXFrameworksBuildPhase;
			buildActionMask = 2147483647;
			files = (
				D4D84E94150DD1B800396A23 /* UIKit.framework in Frameworks */,
				D4D84E96150DD1B800396A23 /* Foundation.framework in Frameworks */,
				D4D84E98150DD1B800396A23 /* CoreGraphics.framework in Frameworks */,
			);
			runOnlyForDeploymentPostprocessing = 0;
		};
		D4D84EAC150DD1B800396A23 /* Frameworks */ = {
			isa = PBXFrameworksBuildPhase;
			buildActionMask = 2147483647;
			files = (
				D4D84EB2150DD1B800396A23 /* SenTestingKit.framework in Frameworks */,
				D4D84EB3150DD1B800396A23 /* UIKit.framework in Frameworks */,
				D4D84EB4150DD1B800396A23 /* Foundation.framework in Frameworks */,
				D4D84EB5150DD1B800396A23 /* CoreGraphics.framework in Frameworks */,
			);
			runOnlyForDeploymentPostprocessing = 0;
		};
/* End PBXFrameworksBuildPhase section */

/* Begin PBXGroup section */
		D4D84E84150DD1B800396A23 = {
			isa = PBXGroup;
			children = (
				D4D84E99150DD1B800396A23 /* sct_monitor */,
				D4D84EB8150DD1B800396A23 /* sct_monitorTests */,
				D4D84E92150DD1B800396A23 /* Frameworks */,
				D4D84E90150DD1B800396A23 /* Products */,
			);
			sourceTree = "<group>";
		};
		D4D84E90150DD1B800396A23 /* Products */ = {
			isa = PBXGroup;
			children = (
				D4D84E8F150DD1B800396A23 /* sct_monitor.app */,
				D4D84EB0150DD1B800396A23 /* sct_monitorTests.octest */,
			);
			name = Products;
			sourceTree = "<group>";
		};
		D4D84E92150DD1B800396A23 /* Frameworks */ = {
			isa = PBXGroup;
			children = (
				D4D84E93150DD1B800396A23 /* UIKit.framework */,
				D4D84E95150DD1B800396A23 /* Foundation.framework */,
				D4D84E97150DD1B800396A23 /* CoreGraphics.framework */,
				D4D84EB1150DD1B800396A23 /* SenTestingKit.framework */,
			);
			name = Frameworks;
			sourceTree = "<group>";
		};
		D4D84E99150DD1B800396A23 /* sct_monitor */ = {
			isa = PBXGroup;
			children = (
				D4D84EA2150DD1B800396A23 /* sct_monitorAppDelegate.h */,
				D4D84EA3150DD1B800396A23 /* sct_monitorAppDelegate.m */,
				D4D84EA5150DD1B800396A23 /* MainStoryboard.storyboard */,
				D4D84EA8150DD1B800396A23 /* sct_monitorViewController.h */,
				D4D84EA9150DD1B800396A23 /* sct_monitorViewController.m */,
				D4D84E9A150DD1B800396A23 /* Supporting Files */,
			);
			path = sct_monitor;
			sourceTree = "<group>";
		};
		D4D84E9A150DD1B800396A23 /* Supporting Files */ = {
			isa = PBXGroup;
			children = (
				D4D84E9B150DD1B800396A23 /* sct_monitor-Info.plist */,
				D4D84E9C150DD1B800396A23 /* InfoPlist.strings */,
				D4D84E9F150DD1B800396A23 /* main.m */,
				D4D84EA1150DD1B800396A23 /* sct_monitor-Prefix.pch */,
			);
			name = "Supporting Files";
			sourceTree = "<group>";
		};
		D4D84EB8150DD1B800396A23 /* sct_monitorTests */ = {
			isa = PBXGroup;
			children = (
				D4D84EBE150DD1B800396A23 /* sct_monitorTests.h */,
				D4D84EC0150DD1B800396A23 /* sct_monitorTests.m */,
				D4D84EB9150DD1B800396A23 /* Supporting Files */,
			);
			path = sct_monitorTests;
			sourceTree = "<group>";
		};
		D4D84EB9150DD1B800396A23 /* Supporting Files */ = {
			isa = PBXGroup;
			children = (
				D4D84EBA150DD1B800396A23 /* sct_monitorTests-Info.plist */,
				D4D84EBB150DD1B800396A23 /* InfoPlist.strings */,
			);
			name = "Supporting Files";
			sourceTree = "<group>";
		};
/* End PBXGroup section */

/* Begin PBXNativeTarget section */
		D4D84E8E150DD1B800396A23 /* sct_monitor */ = {
			isa = PBXNativeTarget;
			buildConfigurationList = D4D84EC4150DD1B800396A23 /* Build configuration list for PBXNativeTarget "sct_monitor" */;
			buildPhases = (
				D4D84E8B150DD1B800396A23 /* Sources */,
				D4D84E8C150DD1B800396A23 /* Frameworks */,
				D4D84E8D150DD1B800396A23 /* Resources */,
			);
			buildRules = (
			);
			dependencies = (
			);
			name = sct_monitor;
			productName = sct_monitor;
			productReference = D4D84E8F150DD1B800396A23 /* sct_monitor.app */;
			productType = "com.apple.product-type.application";
		};
		D4D84EAF150DD1B800396A23 /* sct_monitorTests */ = {
			isa = PBXNativeTarget;
			buildConfigurationList = D4D84EC7150DD1B800396A23 /* Build configuration list for PBXNativeTarget "sct_monitorTests" */;
			buildPhases = (
				D4D84EAB150DD1B800396A23 /* Sources */,
				D4D84EAC150DD1B800396A23 /* Frameworks */,
				D4D84EAD150DD1B800396A23 /* Resources */,
				D4D84EAE150DD1B800396A23 /* ShellScript */,
			);
			buildRules = (
			);
			dependencies = (
				D4D84EB7150DD1B800396A23 /* PBXTargetDependency */,
			);
			name = sct_monitorTests;
			productName = sct_monitorTests;
			productReference = D4D84EB0150DD1B800396A23 /* sct_monitorTests.octest */;
			productType = "com.apple.product-type.bundle";
		};
/* End PBXNativeTarget section */

/* Begin PBXProject section */
		D4D84E86150DD1B800396A23 /* Project object */ = {
			isa = PBXProject;
			buildConfigurationList = D4D84E89150DD1B800396A23 /* Build configuration list for PBXProject "sct_monitor" */;
			compatibilityVersion = "Xcode 3.2";
			developmentRegion = English;
			hasScannedForEncodings = 0;
			knownRegions = (
				en,
			);
			mainGroup = D4D84E84150DD1B800396A23;
			productRefGroup = D4D84E90150DD1B800396A23 /* Products */;
			projectDirPath = "";
			projectRoot = "";
			targets = (
				D4D84E8E150DD1B800396A23 /* sct_monitor */,
				D4D84EAF150DD1B800396A23 /* sct_monitorTests */,
			);
		};
/* End PBXProject section */

/* Begin PBXResourcesBuildPhase section */
		D4D84E8D150DD1B800396A23 /* Resources */ = {
			isa = PBXResourcesBuildPhase;
			buildActionMask = 2147483647;
			files = (
				D4D84E9E150DD1B800396A23 /* InfoPlist.strings in Resources */,
				D4D84EA7150DD1B800396A23 /* MainStoryboard.storyboard in Resources */,
			);
			runOnlyForDeploymentPostprocessing = 0;
		};
		D4D84EAD150DD1B800396A23 /* Resources */ = {
			isa = PBXResourcesBuildPhase;
			buildActionMask = 2147483647;
			files = (
				D4D84EBD150DD1B800396A23 /* InfoPlist.strings in Resources */,
				D4D84EBF150DD1B800396A23 /* sct_monitorTests.h in Resources */,
			);
			runOnlyForDeploymentPostprocessing = 0;
		};
/* End PBXResourcesBuildPhase section */

/* Begin PBXShellScriptBuildPhase section */
		D4D84EAE150DD1B800396A23 /* ShellScript */ = {
			isa = PBXShellScriptBuildPhase;
			buildActionMask = 2147483647;
			files = (
			);
			inputPaths = (
			);
			outputPaths = (
			);
			runOnlyForDeploymentPostprocessing = 0;
			shellPath = /bin/sh;
			shellScript = "# Run the unit tests in this test bundle.\n\"${SYSTEM_DEVELOPER_DIR}/Tools/RunUnitTests\"\n";
		};
/* End PBXShellScriptBuildPhase section */

/* Begin PBXSourcesBuildPhase section */
		D4D84E8B150DD1B800396A23 /* Sources */ = {
			isa = PBXSourcesBuildPhase;
			buildActionMask = 2147483647;
			files = (
				D4D84EA0150DD1B800396A23 /* main.m in Sources */,
				D4D84EA4150DD1B800396A23 /* sct_monitorAppDelegate.m in Sources */,
				D4D84EAA150DD1B800396A23 /* sct_monitorViewController.m in Sources */,
			);
			runOnlyForDeploymentPostprocessing = 0;
		};
		D4D84EAB150DD1B800396A23 /* Sources */ = {
			isa = PBXSourcesBuildPhase;
			buildActionMask = 2147483647;
			files = (
				D4D84EC1150DD1B800396A23 /* sct_monitorTests.m in Sources */,
			);
			runOnlyForDeploymentPostprocessing = 0;
		};
/* End PBXSourcesBuildPhase section */

/* Begin PBXTargetDependency section */
		D4D84EB7150DD1B800396A23 /* PBXTargetDependency */ = {
			isa = PBXTargetDependency;
			target = D4D84E8E150DD1B800396A23 /* sct_monitor */;
			targetProxy = D4D84EB6150DD1B800396A23 /* PBXContainerItemProxy */;
		};
/* End PBXTargetDependency section */

/* Begin PBXVariantGroup section */
		D4D84E9C150DD1B800396A23 /* InfoPlist.strings */ = {
			isa = PBXVariantGroup;
			children = (
				D4D84E9D150DD1B800396A23 /* en */,
			);
			name = InfoPlist.strings;
			sourceTree = "<group>";
		};
		D4D84EA5150DD1B800396A23 /* MainStoryboard.storyboard */ = {
			isa = PBXVariantGroup;
			children = (
				D4D84EA6150DD1B800396A23 /* en */,
			);
			name = MainStoryboard.storyboard;
			sourceTree = "<group>";
		};
		D4D84EBB150DD1B800396A23 /* InfoPlist.strings */ = {
			isa = PBXVariantGroup;
			children = (
				D4D84EBC150DD1B800396A23 /* en */,
			);
			name = InfoPlist.strings;
			sourceTree = "<group>";
		};
/* End PBXVariantGroup section */

/* Begin XCBuildConfiguration section */
		D4D84EC2150DD1B800396A23 /* Debug */ = {
			isa = XCBuildConfiguration;
			buildSettings = {
				ALWAYS_SEARCH_USER_PATHS = NO;
				ARCHS = "$(ARCHS_STANDARD_32_BIT)";
				CLANG_ENABLE_OBJC_ARC = YES;
				"CODE_SIGN_IDENTITY[sdk=iphoneos*]" = "iPhone Developer";
				COPY_PHASE_STRIP = NO;
				GCC_C_LANGUAGE_STANDARD = gnu99;
				GCC_DYNAMIC_NO_PIC = NO;
				GCC_OPTIMIZATION_LEVEL = 0;
				GCC_PREPROCESSOR_DEFINITIONS = (
					"DEBUG=1",
					"$(inherited)",
				);
				GCC_SYMBOLS_PRIVATE_EXTERN = NO;
				GCC_VERSION = com.apple.compilers.llvm.clang.1_0;
				GCC_WARN_ABOUT_MISSING_PROTOTYPES = YES;
				GCC_WARN_ABOUT_RETURN_TYPE = YES;
				GCC_WARN_UNUSED_VARIABLE = YES;
				IPHONEOS_DEPLOYMENT_TARGET = 5.0;
				SDKROOT = iphoneos;
				TARGETED_DEVICE_FAMILY = 2;
			};
			name = Debug;
		};
		D4D84EC3150DD1B800396A23 /* Release */ = {
			isa = XCBuildConfiguration;
			buildSettings = {
				ALWAYS_SEARCH_USER_PATHS = NO;
				ARCHS = "$(ARCHS_STANDARD_32_BIT)";
				CLANG_ENABLE_OBJC_ARC = YES;
				"CODE_SIGN_IDENTITY[sdk=iphoneos*]" = "iPhone Developer";
				COPY_PHASE_STRIP = YES;
				GCC_C_LANGUAGE_STANDARD = gnu99;
				GCC_VERSION = com.apple.compilers.llvm.clang.1_0;
				GCC_WARN_ABOUT_MISSING_PROTOTYPES = YES;
				GCC_WARN_ABOUT_RETURN_TYPE = YES;
				GCC_WARN_UNUSED_VARIABLE = YES;
				IPHONEOS_DEPLOYMENT_TARGET = 5.0;
				OTHER_CFLAGS = "-DNS_BLOCK_ASSERTIONS=1";
				SDKROOT = iphoneos;
				TARGETED_DEVICE_FAMILY = 2;
				VALIDATE_PRODUCT = YES;
			};
			name = Release;
		};
		D4D84EC5150DD1B800396A23 /* Debug */ = {
			isa = XCBuildConfiguration;
			buildSettings = {
				GCC_PRECOMPILE_PREFIX_HEADER = YES;
				GCC_PREFIX_HEADER = "sct_monitor/sct_monitor-Prefix.pch";
				INFOPLIST_FILE = "sct_monitor/sct_monitor-Info.plist";
				PRODUCT_NAME = "$(TARGET_NAME)";
				WRAPPER_EXTENSION = app;
			};
			name = Debug;
		};
		D4D84EC6150DD1B800396A23 /* Release */ = {
			isa = XCBuildConfiguration;
			buildSettings = {
				GCC_PRECOMPILE_PREFIX_HEADER = YES;
				GCC_PREFIX_HEADER = "sct_monitor/sct_monitor-Prefix.pch";
				INFOPLIST_FILE = "sct_monitor/sct_monitor-Info.plist";
				PRODUCT_NAME = "$(TARGET_NAME)";
				WRAPPER_EXTENSION = app;
			};
			name = Release;
		};
		D4D84EC8150DD1B800396A23 /* Debug */ = {
			isa = XCBuildConfiguration;
			buildSettings = {
				BUNDLE_LOADER = "$(BUILT_PRODUCTS_DIR)/sct_monitor.app/sct_monitor";
				FRAMEWORK_SEARCH_PATHS = (
					"$(SDKROOT)/Developer/Library/Frameworks",
					"$(DEVELOPER_LIBRARY_DIR)/Frameworks",
				);
				GCC_PRECOMPILE_PREFIX_HEADER = YES;
				GCC_PREFIX_HEADER = "sct_monitor/sct_monitor-Prefix.pch";
				INFOPLIST_FILE = "sct_monitorTests/sct_monitorTests-Info.plist";
				PRODUCT_NAME = "$(TARGET_NAME)";
				TEST_HOST = "$(BUNDLE_LOADER)";
				WRAPPER_EXTENSION = octest;
			};
			name = Debug;
		};
		D4D84EC9150DD1B800396A23 /* Release */ = {
			isa = XCBuildConfiguration;
			buildSettings = {
				BUNDLE_LOADER = "$(BUILT_PRODUCTS_DIR)/sct_monitor.app/sct_monitor";
				FRAMEWORK_SEARCH_PATHS = (
					"$(SDKROOT)/Developer/Library/Frameworks",
					"$(DEVELOPER_LIBRARY_DIR)/Frameworks",
				);
				GCC_PRECOMPILE_PREFIX_HEADER = YES;
				GCC_PREFIX_HEADER = "sct_monitor/sct_monitor-Prefix.pch";
				INFOPLIST_FILE = "sct_monitorTests/sct_monitorTests-Info.plist";
				PRODUCT_NAME = "$(TARGET_NAME)";
				TEST_HOST = "$(BUNDLE_LOADER)";
				WRAPPER_EXTENSION = octest;
			};
			name = Release;
		};
/* End XCBuildConfiguration section */

/* Begin XCConfigurationList section */
		D4D84E89150DD1B800396A23 /* Build configuration list for PBXProject "sct_monitor" */ = {
			isa = XCConfigurationList;
			buildConfigurations = (
				D4D84EC2150DD1B800396A23 /* Debug */,
				D4D84EC3150DD1B800396A23 /* Release */,
			);
			defaultConfigurationIsVisible = 0;
			defaultConfigurationName = Release;
		};
		D4D84EC4150DD1B800396A23 /* Build configuration list for PBXNativeTarget "sct_monitor" */ = {
			isa = XCConfigurationList;
			buildConfigurations = (
				D4D84EC5150DD1B800396A23 /* Debug */,
				D4D84EC6150DD1B800396A23 /* Release */,
			);
			defaultConfigurationIsVisible = 0;
		};
		D4D84EC7150DD1B800396A23 /* Build configuration list for PBXNativeTarget "sct_monitorTests" */ = {
			isa = XCConfigurationList;
			buildConfigurations = (
				D4D84EC8150DD1B800396A23 /* Debug */,
				D4D84EC9150DD1B800396A23 /* Release */,
			);
			defaultConfigurationIsVisible = 0;
		};
/* End XCConfigurationList section */
	};
	rootObject = D4D84E86150DD1B800396A23 /* Project object */;
}
